
Microsoft Visual Studio Solution File, Format Version 12.00
# Visual Studio Version 17
VisualStudioVersion = 17.3.32819.101
MinimumVisualStudioVersion = 10.0.40219.1
Project("{FAE04EC0-301F-11D3-BF4B-00C04F79EFBC}") = "Shooping", "Shooping\Shooping.csproj", "{13B96CFD-4BD0-42FE-84A3-D27FB9F55BC1}"
EndProject
Global
	GlobalSection(SolutionConfigurationPlatforms) = preSolution
		Debug|Any CPU = Debug|Any CPU
		Release|Any CPU = Release|Any CPU
	EndGlobalSection
	GlobalSection(ProjectConfigurationPlatforms) = postSolution
		{13B96CFD-4BD0-42FE-84A3-D27FB9F55BC1}.Debug|Any CPU.ActiveCfg = Debug|Any CPU
		{13B96CFD-4BD0-42FE-84A3-D27FB9F55BC1}.Debug|Any CPU.Build.0 = Debug|Any CPU
		{13B96CFD-4BD0-42FE-84A3-D27FB9F55BC1}.Release|Any CPU.ActiveCfg = Release|Any CPU
		{13B96CFD-4BD0-42FE-84A3-D27FB9F55BC1}.Release|Any CPU.Build.0 = Release|Any CPU
	EndGlobalSection
	GlobalSection(SolutionProperties) = preSolution
		HideSolutionNode = FALSE
	EndGlobalSection
	GlobalSection(ExtensibilityGlobals) = postSolution
		SolutionGuid = {96E8E100-2F2D-41A9-A1BC-853892D14F2C}
	EndGlobalSection
EndGlobal
