
Microsoft Visual Studio Solution File, Format Version 12.00
# Visual Studio Version 17
VisualStudioVersion = 17.3.32819.101
MinimumVisualStudioVersion = 10.0.40219.1
Project("{FAE04EC0-301F-11D3-BF4B-00C04F79EFBC}") = "Shopping", "Shopping\Shopping.csproj", "{D8C05865-EF8F-4899-A439-BA3C8A2ADEFC}"
EndProject
Global
	GlobalSection(SolutionConfigurationPlatforms) = preSolution
		Debug|Any CPU = Debug|Any CPU
		Release|Any CPU = Release|Any CPU
	EndGlobalSection
	GlobalSection(ProjectConfigurationPlatforms) = postSolution
		{D8C05865-EF8F-4899-A439-BA3C8A2ADEFC}.Debug|Any CPU.ActiveCfg = Debug|Any CPU
		{D8C05865-EF8F-4899-A439-BA3C8A2ADEFC}.Debug|Any CPU.Build.0 = Debug|Any CPU
		{D8C05865-EF8F-4899-A439-BA3C8A2ADEFC}.Release|Any CPU.ActiveCfg = Release|Any CPU
		{D8C05865-EF8F-4899-A439-BA3C8A2ADEFC}.Release|Any CPU.Build.0 = Release|Any CPU
	EndGlobalSection
	GlobalSection(SolutionProperties) = preSolution
		HideSolutionNode = FALSE
	EndGlobalSection
	GlobalSection(ExtensibilityGlobals) = postSolution
		SolutionGuid = {BBFFF3D1-8927-4D36-B586-082AB391E859}
	EndGlobalSection
EndGlobal
